// !$*UTF8*$!
{
	archiveVersion = 1;
	classes = {
	};
	objectVersion = 55;
	objects = {

/* Begin PBXBuildFile section */
		3210B4F2285BC39E006406C7 /* libluscbackend.a in Frameworks */ = {isa = PBXBuildFile; fileRef = 32CA1ABA2855671C006F4571 /* libluscbackend.a */; };
		3247D6BA28505416008F0BB8 /* main.swift in Sources */ = {isa = PBXBuildFile; fileRef = 3247D6B928505416008F0BB8 /* main.swift */; };
		3247D78B2850F41E008F0BB8 /* libfmt.a in Frameworks */ = {isa = PBXBuildFile; fileRef = 3247D78A2850F41E008F0BB8 /* libfmt.a */; };
		3247D78C2850F485008F0BB8 /* libc++.1.tbd in Frameworks */ = {isa = PBXBuildFile; fileRef = 3247D6DA2850CF1D008F0BB8 /* libc++.1.tbd */; };
		3247D78D2850F485008F0BB8 /* libc++.tbd in Frameworks */ = {isa = PBXBuildFile; fileRef = 3247D6DB2850CF1D008F0BB8 /* libc++.tbd */; };
		3247D78E2850F485008F0BB8 /* libc++abi.tbd in Frameworks */ = {isa = PBXBuildFile; fileRef = 3247D6D82850CF1D008F0BB8 /* libc++abi.tbd */; };
		327FF5B5285BDE42002C64E2 /* python3.10 in Sources */ = {isa = PBXBuildFile; fileRef = 327FF5B4285BDE42002C64E2 /* python3.10 */; };
		327FF5B7285BDE8C002C64E2 /* Python in Frameworks */ = {isa = PBXBuildFile; fileRef = 327FF5B6285BDE8C002C64E2 /* Python */; };
		32CA1ABF285606DE006F4571 /* backend.h in Sources */ = {isa = PBXBuildFile; fileRef = 32CA1ABE285606DE006F4571 /* backend.h */; };
		32CA1AC22856983D006F4571 /* backend.h in Sources */ = {isa = PBXBuildFile; fileRef = 32CA1ABE285606DE006F4571 /* backend.h */; };
		32CA1AC32856983D006F4571 /* main.swift in Sources */ = {isa = PBXBuildFile; fileRef = 3247D6B928505416008F0BB8 /* main.swift */; };
		32CA1AC52856983D006F4571 /* libluscbackend.a in Frameworks */ = {isa = PBXBuildFile; fileRef = 32CA1ABA2855671C006F4571 /* libluscbackend.a */; };
		32CA1AC62856983D006F4571 /* libc++.1.tbd in Frameworks */ = {isa = PBXBuildFile; fileRef = 3247D6DA2850CF1D008F0BB8 /* libc++.1.tbd */; };
		32CA1AC72856983D006F4571 /* libc++.tbd in Frameworks */ = {isa = PBXBuildFile; fileRef = 3247D6DB2850CF1D008F0BB8 /* libc++.tbd */; };
		32CA1AC82856983D006F4571 /* libc++abi.tbd in Frameworks */ = {isa = PBXBuildFile; fileRef = 3247D6D82850CF1D008F0BB8 /* libc++abi.tbd */; };
		32CA1AC92856983D006F4571 /* libfmt.a in Frameworks */ = {isa = PBXBuildFile; fileRef = 3247D78A2850F41E008F0BB8 /* libfmt.a */; };
/* End PBXBuildFile section */

/* Begin PBXCopyFilesBuildPhase section */
		3247D6B428505416008F0BB8 /* CopyFiles */ = {
			isa = PBXCopyFilesBuildPhase;
			buildActionMask = 2147483647;
			dstPath = /usr/share/man/man1/;
			dstSubfolderSpec = 0;
			files = (
			);
			runOnlyForDeploymentPostprocessing = 1;
		};
		32CA1ACA2856983D006F4571 /* CopyFiles */ = {
			isa = PBXCopyFilesBuildPhase;
			buildActionMask = 2147483647;
			dstPath = /usr/share/man/man1/;
			dstSubfolderSpec = 0;
			files = (
			);
			runOnlyForDeploymentPostprocessing = 1;
		};
/* End PBXCopyFilesBuildPhase section */

/* Begin PBXFileReference section */
		3247D6B628505416008F0BB8 /* lusc */ = {isa = PBXFileReference; explicitFileType = "compiled.mach-o.executable"; includeInIndex = 0; path = lusc; sourceTree = BUILT_PRODUCTS_DIR; };
		3247D6B928505416008F0BB8 /* main.swift */ = {isa = PBXFileReference; lastKnownFileType = sourcecode.swift; path = main.swift; sourceTree = "<group>"; };
		3247D6C22850557D008F0BB8 /* lusc-Bridging-Header.h */ = {isa = PBXFileReference; lastKnownFileType = sourcecode.c.h; path = "lusc-Bridging-Header.h"; sourceTree = "<group>"; };
		3247D6D528506188008F0BB8 /* Info.plist */ = {isa = PBXFileReference; lastKnownFileType = text.plist.xml; path = Info.plist; sourceTree = "<group>"; };
		3247D6D82850CF1D008F0BB8 /* libc++abi.tbd */ = {isa = PBXFileReference; lastKnownFileType = "sourcecode.text-based-dylib-definition"; name = "libc++abi.tbd"; path = "usr/lib/libc++abi.tbd"; sourceTree = SDKROOT; };
		3247D6D92850CF1D008F0BB8 /* libkmodc++.a */ = {isa = PBXFileReference; lastKnownFileType = archive.ar; name = "libkmodc++.a"; path = "usr/lib/libkmodc++.a"; sourceTree = SDKROOT; };
		3247D6DA2850CF1D008F0BB8 /* libc++.1.tbd */ = {isa = PBXFileReference; lastKnownFileType = "sourcecode.text-based-dylib-definition"; name = "libc++.1.tbd"; path = "usr/lib/libc++.1.tbd"; sourceTree = SDKROOT; };
		3247D6DB2850CF1D008F0BB8 /* libc++.tbd */ = {isa = PBXFileReference; lastKnownFileType = "sourcecode.text-based-dylib-definition"; name = "libc++.tbd"; path = "usr/lib/libc++.tbd"; sourceTree = SDKROOT; };
		3247D78A2850F41E008F0BB8 /* libfmt.a */ = {isa = PBXFileReference; lastKnownFileType = archive.ar; name = libfmt.a; path = ../../../../opt/homebrew/Cellar/fmt/8.1.1_1/lib/libfmt.a; sourceTree = "<group>"; };
		324C51A628611E0200A33E02 /* cppmain.cpp */ = {isa = PBXFileReference; lastKnownFileType = sourcecode.cpp.cpp; path = cppmain.cpp; sourceTree = "<group>"; };
		327FF5B4285BDE42002C64E2 /* python3.10 */ = {isa = PBXFileReference; lastKnownFileType = folder; name = python3.10; path = "../../../../opt/homebrew/Cellar/python@3.10/3.10.2/Frameworks/Python.framework/Versions/3.10/include/python3.10"; sourceTree = "<group>"; };
		327FF5B6285BDE8C002C64E2 /* Python */ = {isa = PBXFileReference; lastKnownFileType = "compiled.mach-o.dylib"; name = Python; path = "../../../../opt/homebrew/Cellar/python@3.10/3.10.2/Frameworks/Python.framework/Versions/3.10/Python"; sourceTree = "<group>"; };
		32CA1ABA2855671C006F4571 /* libluscbackend.a */ = {isa = PBXFileReference; lastKnownFileType = archive.ar; path = libluscbackend.a; sourceTree = "<group>"; };
		32CA1ABE285606DE006F4571 /* backend.h */ = {isa = PBXFileReference; lastKnownFileType = sourcecode.c.h; name = backend.h; path = luscbackend/backend.h; sourceTree = "<group>"; };
		32CA1ACE2856983D006F4571 /* lusctest */ = {isa = PBXFileReference; explicitFileType = "compiled.mach-o.executable"; includeInIndex = 0; path = lusctest; sourceTree = BUILT_PRODUCTS_DIR; };
		32CA1ACF2856983E006F4571 /* lusc copy-Info.plist */ = {isa = PBXFileReference; lastKnownFileType = text.plist.xml; name = "lusc copy-Info.plist"; path = "/Users/mqp/Desktop/lusc/lusc copy-Info.plist"; sourceTree = "<absolute>"; };
		32CA1AD12856B559006F4571 /* backend.cpp */ = {isa = PBXFileReference; lastKnownFileType = sourcecode.cpp.cpp; path = backend.cpp; sourceTree = "<group>"; };
		32CA1AD42856B559006F4571 /* cmake.check_cache */ = {isa = PBXFileReference; lastKnownFileType = text; path = cmake.check_cache; sourceTree = "<group>"; };
		32CA1AD62856B559006F4571 /* backend.c.o */ = {isa = PBXFileReference; lastKnownFileType = "compiled.mach-o.objfile"; path = backend.c.o; sourceTree = "<group>"; };
		32CA1AD82856B559006F4571 /* testmain.cpp.o */ = {isa = PBXFileReference; lastKnownFileType = "compiled.mach-o.objfile"; path = testmain.cpp.o; sourceTree = "<group>"; };
		32CA1AD92856B559006F4571 /* backend.cpp.o */ = {isa = PBXFileReference; lastKnownFileType = "compiled.mach-o.objfile"; path = backend.cpp.o; sourceTree = "<group>"; };
		32CA1ADA2856B559006F4571 /* wrapper.cpp.o */ = {isa = PBXFileReference; lastKnownFileType = "compiled.mach-o.objfile"; path = wrapper.cpp.o; sourceTree = "<group>"; };
		32CA1ADB2856B559006F4571 /* CMakeOutput.log */ = {isa = PBXFileReference; lastKnownFileType = text; path = CMakeOutput.log; sourceTree = "<group>"; };
		32CA1ADC2856B559006F4571 /* rules.ninja */ = {isa = PBXFileReference; lastKnownFileType = text; path = rules.ninja; sourceTree = "<group>"; };
		32CA1ADD2856B559006F4571 /* CMakeError.log */ = {isa = PBXFileReference; lastKnownFileType = text; path = CMakeError.log; sourceTree = "<group>"; };
		32CA1ADF2856B559006F4571 /* TargetDirectories.txt */ = {isa = PBXFileReference; lastKnownFileType = text; path = TargetDirectories.txt; sourceTree = "<group>"; };
		32CA1AE02856B559006F4571 /* clion-log.txt */ = {isa = PBXFileReference; lastKnownFileType = text; path = "clion-log.txt"; sourceTree = "<group>"; };
		32CA1AE12856B559006F4571 /* clion-environment.txt */ = {isa = PBXFileReference; lastKnownFileType = text; path = "clion-environment.txt"; sourceTree = "<group>"; };
		32CA1AE32856B559006F4571 /* CMakeDetermineCompilerABI_CXX.bin */ = {isa = PBXFileReference; lastKnownFileType = archive.macbinary; path = CMakeDetermineCompilerABI_CXX.bin; sourceTree = "<group>"; };
		32CA1AE42856B559006F4571 /* CMakeDetermineCompilerABI_C.bin */ = {isa = PBXFileReference; lastKnownFileType = archive.macbinary; path = CMakeDetermineCompilerABI_C.bin; sourceTree = "<group>"; };
		32CA1AE62856B559006F4571 /* CMakeCCompilerId.c */ = {isa = PBXFileReference; lastKnownFileType = sourcecode.c.c; path = CMakeCCompilerId.c; sourceTree = "<group>"; };
		32CA1AE72856B559006F4571 /* CMakeCCompilerId.o */ = {isa = PBXFileReference; lastKnownFileType = "compiled.mach-o.objfile"; path = CMakeCCompilerId.o; sourceTree = "<group>"; };
		32CA1AEA2856B559006F4571 /* CMakeCXXCompilerId.o */ = {isa = PBXFileReference; lastKnownFileType = "compiled.mach-o.objfile"; path = CMakeCXXCompilerId.o; sourceTree = "<group>"; };
		32CA1AEB2856B559006F4571 /* CMakeCXXCompilerId.cpp */ = {isa = PBXFileReference; lastKnownFileType = sourcecode.cpp.cpp; path = CMakeCXXCompilerId.cpp; sourceTree = "<group>"; };
		32CA1AED2856B559006F4571 /* CMakeCXXCompiler.cmake */ = {isa = PBXFileReference; lastKnownFileType = text; path = CMakeCXXCompiler.cmake; sourceTree = "<group>"; };
		32CA1AEE2856B559006F4571 /* CMakeCCompiler.cmake */ = {isa = PBXFileReference; lastKnownFileType = text; path = CMakeCCompiler.cmake; sourceTree = "<group>"; };
		32CA1AEF2856B559006F4571 /* CMakeSystem.cmake */ = {isa = PBXFileReference; lastKnownFileType = text; path = CMakeSystem.cmake; sourceTree = "<group>"; };
		32CA1AF02856B559006F4571 /* .ninja_deps */ = {isa = PBXFileReference; lastKnownFileType = file; path = .ninja_deps; sourceTree = "<group>"; };
		32CA1AF12856B559006F4571 /* cmake_install.cmake */ = {isa = PBXFileReference; lastKnownFileType = text; path = cmake_install.cmake; sourceTree = "<group>"; };
		32CA1AF22856B559006F4571 /* build.ninja */ = {isa = PBXFileReference; lastKnownFileType = text; path = build.ninja; sourceTree = "<group>"; };
		32CA1AF52856B559006F4571 /* LastTest.log */ = {isa = PBXFileReference; lastKnownFileType = text; path = LastTest.log; sourceTree = "<group>"; };
		32CA1AF62856B559006F4571 /* libluscbackend.a */ = {isa = PBXFileReference; lastKnownFileType = archive.ar; path = libluscbackend.a; sourceTree = "<group>"; };
		32CA1AF72856B559006F4571 /* CMakeCache.txt */ = {isa = PBXFileReference; lastKnownFileType = text; path = CMakeCache.txt; sourceTree = "<group>"; };
		32CA1AF82856B559006F4571 /* .ninja_log */ = {isa = PBXFileReference; lastKnownFileType = text; path = .ninja_log; sourceTree = "<group>"; };
		32CA1AFD2856B559006F4571 /* directory-.-Debug-f5ebdc15457944623624.json */ = {isa = PBXFileReference; lastKnownFileType = text.json; path = "directory-.-Debug-f5ebdc15457944623624.json"; sourceTree = "<group>"; };
		32CA1AFE2856B559006F4571 /* codemodel-v2-de9b262e50ccbf9fe877.json */ = {isa = PBXFileReference; lastKnownFileType = text.json; path = "codemodel-v2-de9b262e50ccbf9fe877.json"; sourceTree = "<group>"; };
		32CA1AFF2856B559006F4571 /* cmakeFiles-v1-3c4cee446e2c8198eefb.json */ = {isa = PBXFileReference; lastKnownFileType = text.json; path = "cmakeFiles-v1-3c4cee446e2c8198eefb.json"; sourceTree = "<group>"; };
		32CA1B002856B559006F4571 /* index-2022-06-12T22-36-56-0986.json */ = {isa = PBXFileReference; lastKnownFileType = text.json; path = "index-2022-06-12T22-36-56-0986.json"; sourceTree = "<group>"; };
		32CA1B012856B559006F4571 /* target-luscbackend-Debug-af3e224a274be5e055ff.json */ = {isa = PBXFileReference; lastKnownFileType = text.json; path = "target-luscbackend-Debug-af3e224a274be5e055ff.json"; sourceTree = "<group>"; };
		32CA1B022856B559006F4571 /* toolchains-v1-4ccbd07310ec83f54692.json */ = {isa = PBXFileReference; lastKnownFileType = text.json; path = "toolchains-v1-4ccbd07310ec83f54692.json"; sourceTree = "<group>"; };
		32CA1B032856B559006F4571 /* cache-v2-c6e5d3ce4588094d219c.json */ = {isa = PBXFileReference; lastKnownFileType = text.json; path = "cache-v2-c6e5d3ce4588094d219c.json"; sourceTree = "<group>"; };
		32CA1B052856B559006F4571 /* toolchains-v1 */ = {isa = PBXFileReference; lastKnownFileType = text; path = "toolchains-v1"; sourceTree = "<group>"; };
		32CA1B062856B559006F4571 /* codemodel-v2 */ = {isa = PBXFileReference; lastKnownFileType = text; path = "codemodel-v2"; sourceTree = "<group>"; };
		32CA1B072856B559006F4571 /* cmakeFiles-v1 */ = {isa = PBXFileReference; lastKnownFileType = text; path = "cmakeFiles-v1"; sourceTree = "<group>"; };
		32CA1B082856B559006F4571 /* cache-v2 */ = {isa = PBXFileReference; lastKnownFileType = text; path = "cache-v2"; sourceTree = "<group>"; };
		32CA1B092856B559006F4571 /* wrapper.cpp */ = {isa = PBXFileReference; lastKnownFileType = sourcecode.cpp.cpp; path = wrapper.cpp; sourceTree = "<group>"; };
		32CA1B0A2856B559006F4571 /* wrapper.h */ = {isa = PBXFileReference; lastKnownFileType = sourcecode.c.h; path = wrapper.h; sourceTree = "<group>"; };
		32CA1B0B2856B559006F4571 /* CMakeLists.txt */ = {isa = PBXFileReference; lastKnownFileType = text; path = CMakeLists.txt; sourceTree = "<group>"; };
		32CA1B0C2856B559006F4571 /* backend.h */ = {isa = PBXFileReference; lastKnownFileType = sourcecode.c.h; path = backend.h; sourceTree = "<group>"; };
		32CA1B0E2856B559006F4571 /* testmain.cpp */ = {isa = PBXFileReference; lastKnownFileType = sourcecode.cpp.cpp; path = testmain.cpp; sourceTree = "<group>"; };
		32CA1B122856B559006F4571 /* CMakeDetermineCompilerABI_CXX.bin */ = {isa = PBXFileReference; lastKnownFileType = archive.macbinary; path = CMakeDetermineCompilerABI_CXX.bin; sourceTree = "<group>"; };
		32CA1B132856B559006F4571 /* CMakeDetermineCompilerABI_C.bin */ = {isa = PBXFileReference; lastKnownFileType = archive.macbinary; path = CMakeDetermineCompilerABI_C.bin; sourceTree = "<group>"; };
		32CA1B152856B559006F4571 /* CMakeCCompilerId.c */ = {isa = PBXFileReference; lastKnownFileType = sourcecode.c.c; path = CMakeCCompilerId.c; sourceTree = "<group>"; };
		32CA1B162856B559006F4571 /* CMakeCCompilerId.o */ = {isa = PBXFileReference; lastKnownFileType = "compiled.mach-o.objfile"; path = CMakeCCompilerId.o; sourceTree = "<group>"; };
		32CA1B192856B559006F4571 /* CMakeCXXCompilerId.o */ = {isa = PBXFileReference; lastKnownFileType = "compiled.mach-o.objfile"; path = CMakeCXXCompilerId.o; sourceTree = "<group>"; };
		32CA1B1A2856B559006F4571 /* CMakeCXXCompilerId.cpp */ = {isa = PBXFileReference; lastKnownFileType = sourcecode.cpp.cpp; path = CMakeCXXCompilerId.cpp; sourceTree = "<group>"; };
		32CA1B1C2856B559006F4571 /* CMakeCXXCompiler.cmake */ = {isa = PBXFileReference; lastKnownFileType = text; path = CMakeCXXCompiler.cmake; sourceTree = "<group>"; };
		32CA1B1D2856B559006F4571 /* CMakeCCompiler.cmake */ = {isa = PBXFileReference; lastKnownFileType = text; path = CMakeCCompiler.cmake; sourceTree = "<group>"; };
		32CA1B1E2856B559006F4571 /* CMakeSystem.cmake */ = {isa = PBXFileReference; lastKnownFileType = text; path = CMakeSystem.cmake; sourceTree = "<group>"; };
		32CA1B1F2856B559006F4571 /* cmake.check_cache */ = {isa = PBXFileReference; lastKnownFileType = text; path = cmake.check_cache; sourceTree = "<group>"; };
		32CA1B212856B559006F4571 /* DependInfo.cmake */ = {isa = PBXFileReference; lastKnownFileType = text; path = DependInfo.cmake; sourceTree = "<group>"; };
		32CA1B222856B559006F4571 /* compiler_depend.ts */ = {isa = PBXFileReference; lastKnownFileType = text; path = compiler_depend.ts; sourceTree = "<group>"; };
		32CA1B232856B559006F4571 /* backend.c.o */ = {isa = PBXFileReference; lastKnownFileType = "compiled.mach-o.objfile"; path = backend.c.o; sourceTree = "<group>"; };
		32CA1B242856B559006F4571 /* wrapper.cpp.o.d */ = {isa = PBXFileReference; lastKnownFileType = sourcecode.dtrace; path = wrapper.cpp.o.d; sourceTree = "<group>"; };
		32CA1B252856B559006F4571 /* cmake_clean_target.cmake */ = {isa = PBXFileReference; lastKnownFileType = text; path = cmake_clean_target.cmake; sourceTree = "<group>"; };
		32CA1B262856B559006F4571 /* compiler_depend.internal */ = {isa = PBXFileReference; lastKnownFileType = text; path = compiler_depend.internal; sourceTree = "<group>"; };
		32CA1B272856B559006F4571 /* compiler_depend.make */ = {isa = PBXFileReference; lastKnownFileType = sourcecode.make; path = compiler_depend.make; sourceTree = "<group>"; };
		32CA1B282856B559006F4571 /* depend.make */ = {isa = PBXFileReference; lastKnownFileType = sourcecode.make; path = depend.make; sourceTree = "<group>"; };
		32CA1B2A2856B559006F4571 /* testmain.cpp.o */ = {isa = PBXFileReference; lastKnownFileType = "compiled.mach-o.objfile"; path = testmain.cpp.o; sourceTree = "<group>"; };
		32CA1B2B2856B559006F4571 /* testmain.cpp.o.d */ = {isa = PBXFileReference; lastKnownFileType = sourcecode.dtrace; path = testmain.cpp.o.d; sourceTree = "<group>"; };
		32CA1B2C2856B559006F4571 /* cmake_clean.cmake */ = {isa = PBXFileReference; lastKnownFileType = text; path = cmake_clean.cmake; sourceTree = "<group>"; };
		32CA1B2D2856B559006F4571 /* link.txt */ = {isa = PBXFileReference; lastKnownFileType = text; path = link.txt; sourceTree = "<group>"; };
		32CA1B2E2856B559006F4571 /* progress.make */ = {isa = PBXFileReference; lastKnownFileType = sourcecode.make; path = progress.make; sourceTree = "<group>"; };
		32CA1B2F2856B559006F4571 /* backend.cpp.o */ = {isa = PBXFileReference; lastKnownFileType = "compiled.mach-o.objfile"; path = backend.cpp.o; sourceTree = "<group>"; };
		32CA1B302856B559006F4571 /* backend.cpp.o.d */ = {isa = PBXFileReference; lastKnownFileType = sourcecode.dtrace; path = backend.cpp.o.d; sourceTree = "<group>"; };
		32CA1B312856B559006F4571 /* build.make */ = {isa = PBXFileReference; lastKnownFileType = sourcecode.make; path = build.make; sourceTree = "<group>"; };
		32CA1B322856B559006F4571 /* backend.c.o.d */ = {isa = PBXFileReference; lastKnownFileType = sourcecode.dtrace; path = backend.c.o.d; sourceTree = "<group>"; };
		32CA1B332856B559006F4571 /* flags.make */ = {isa = PBXFileReference; lastKnownFileType = sourcecode.make; path = flags.make; sourceTree = "<group>"; };
		32CA1B342856B559006F4571 /* wrapper.cpp.o */ = {isa = PBXFileReference; lastKnownFileType = "compiled.mach-o.objfile"; path = wrapper.cpp.o; sourceTree = "<group>"; };
		32CA1B352856B559006F4571 /* CMakeOutput.log */ = {isa = PBXFileReference; lastKnownFileType = text; path = CMakeOutput.log; sourceTree = "<group>"; };
		32CA1B362856B559006F4571 /* CMakeError.log */ = {isa = PBXFileReference; lastKnownFileType = text; path = CMakeError.log; sourceTree = "<group>"; };
		32CA1B372856B559006F4571 /* Makefile.cmake */ = {isa = PBXFileReference; lastKnownFileType = text; path = Makefile.cmake; sourceTree = "<group>"; };
		32CA1B392856B559006F4571 /* progress.marks */ = {isa = PBXFileReference; lastKnownFileType = text; path = progress.marks; sourceTree = "<group>"; };
		32CA1B3A2856B559006F4571 /* TargetDirectories.txt */ = {isa = PBXFileReference; lastKnownFileType = text; path = TargetDirectories.txt; sourceTree = "<group>"; };
		32CA1B3B2856B559006F4571 /* CMakeDirectoryInformation.cmake */ = {isa = PBXFileReference; lastKnownFileType = text; path = CMakeDirectoryInformation.cmake; sourceTree = "<group>"; };
		32CA1B3C2856B559006F4571 /* Makefile2 */ = {isa = PBXFileReference; lastKnownFileType = text; path = Makefile2; sourceTree = "<group>"; };
		32CA1B3D2856B559006F4571 /* Makefile */ = {isa = PBXFileReference; lastKnownFileType = sourcecode.make; path = Makefile; sourceTree = "<group>"; };
		32CA1B3E2856B559006F4571 /* cmake_install.cmake */ = {isa = PBXFileReference; lastKnownFileType = text; path = cmake_install.cmake; sourceTree = "<group>"; };
		32CA1B3F2856B559006F4571 /* libluscbackend.a */ = {isa = PBXFileReference; lastKnownFileType = archive.ar; path = libluscbackend.a; sourceTree = "<group>"; };
		32CA1B402856B559006F4571 /* CMakeCache.txt */ = {isa = PBXFileReference; lastKnownFileType = text; path = CMakeCache.txt; sourceTree = "<group>"; };
		32CA1B412856B559006F4571 /* main.cpp */ = {isa = PBXFileReference; lastKnownFileType = sourcecode.cpp.cpp; path = main.cpp; sourceTree = "<group>"; };
		32CA1B432856B559006F4571 /* vcs.xml */ = {isa = PBXFileReference; lastKnownFileType = text.xml; path = vcs.xml; sourceTree = "<group>"; };
		32CA1B442856B559006F4571 /* .gitignore */ = {isa = PBXFileReference; lastKnownFileType = text; path = .gitignore; sourceTree = "<group>"; };
		32CA1B452856B559006F4571 /* workspace.xml */ = {isa = PBXFileReference; lastKnownFileType = text.xml; path = workspace.xml; sourceTree = "<group>"; };
		32CA1B462856B559006F4571 /* modules.xml */ = {isa = PBXFileReference; lastKnownFileType = text.xml; path = modules.xml; sourceTree = "<group>"; };
		32CA1B472856B559006F4571 /* luscbackend.iml */ = {isa = PBXFileReference; lastKnownFileType = text.xml; path = luscbackend.iml; sourceTree = "<group>"; };
		32CA1B482856B559006F4571 /* misc.xml */ = {isa = PBXFileReference; lastKnownFileType = text.xml; path = misc.xml; sourceTree = "<group>"; };
/* End PBXFileReference section */

/* Begin PBXFrameworksBuildPhase section */
		3247D6B328505416008F0BB8 /* Frameworks */ = {
			isa = PBXFrameworksBuildPhase;
			buildActionMask = 2147483647;
			files = (
				327FF5B7285BDE8C002C64E2 /* Python in Frameworks */,
				3210B4F2285BC39E006406C7 /* libluscbackend.a in Frameworks */,
				3247D78C2850F485008F0BB8 /* libc++.1.tbd in Frameworks */,
				3247D78D2850F485008F0BB8 /* libc++.tbd in Frameworks */,
				3247D78E2850F485008F0BB8 /* libc++abi.tbd in Frameworks */,
				3247D78B2850F41E008F0BB8 /* libfmt.a in Frameworks */,
			);
			runOnlyForDeploymentPostprocessing = 0;
		};
		32CA1AC42856983D006F4571 /* Frameworks */ = {
			isa = PBXFrameworksBuildPhase;
			buildActionMask = 2147483647;
			files = (
				32CA1AC52856983D006F4571 /* libluscbackend.a in Frameworks */,
				32CA1AC62856983D006F4571 /* libc++.1.tbd in Frameworks */,
				32CA1AC72856983D006F4571 /* libc++.tbd in Frameworks */,
				32CA1AC82856983D006F4571 /* libc++abi.tbd in Frameworks */,
				32CA1AC92856983D006F4571 /* libfmt.a in Frameworks */,
			);
			runOnlyForDeploymentPostprocessing = 0;
		};
/* End PBXFrameworksBuildPhase section */

/* Begin PBXGroup section */
		3247D6AD28505416008F0BB8 = {
			isa = PBXGroup;
			children = (
				327FF5B4285BDE42002C64E2 /* python3.10 */,
				32CA1AD02856B559006F4571 /* luscbackend */,
				32CA1ABE285606DE006F4571 /* backend.h */,
				3247D6B828505416008F0BB8 /* lusc */,
				3247D6B728505416008F0BB8 /* Products */,
				3247D6C728505847008F0BB8 /* Frameworks */,
				32CA1ACF2856983E006F4571 /* lusc copy-Info.plist */,
			);
			sourceTree = "<group>";
		};
		3247D6B728505416008F0BB8 /* Products */ = {
			isa = PBXGroup;
			children = (
				3247D6B628505416008F0BB8 /* lusc */,
				32CA1ACE2856983D006F4571 /* lusctest */,
			);
			name = Products;
			sourceTree = "<group>";
		};
		3247D6B828505416008F0BB8 /* lusc */ = {
			isa = PBXGroup;
			children = (
				3247D6B928505416008F0BB8 /* main.swift */,
				3247D6C22850557D008F0BB8 /* lusc-Bridging-Header.h */,
				3247D6D528506188008F0BB8 /* Info.plist */,
			);
			path = lusc;
			sourceTree = "<group>";
		};
		3247D6C728505847008F0BB8 /* Frameworks */ = {
			isa = PBXGroup;
			children = (
				327FF5B6285BDE8C002C64E2 /* Python */,
				32CA1ABA2855671C006F4571 /* libluscbackend.a */,
				3247D78A2850F41E008F0BB8 /* libfmt.a */,
				3247D6DA2850CF1D008F0BB8 /* libc++.1.tbd */,
				3247D6DB2850CF1D008F0BB8 /* libc++.tbd */,
				3247D6D82850CF1D008F0BB8 /* libc++abi.tbd */,
				3247D6D92850CF1D008F0BB8 /* libkmodc++.a */,
			);
			name = Frameworks;
			sourceTree = "<group>";
		};
		32CA1AD02856B559006F4571 /* luscbackend */ = {
			isa = PBXGroup;
			children = (
				324C51A628611E0200A33E02 /* cppmain.cpp */,
				32CA1AD12856B559006F4571 /* backend.cpp */,
				32CA1AD22856B559006F4571 /* cmake-build-debug */,
				32CA1B092856B559006F4571 /* wrapper.cpp */,
				32CA1B0A2856B559006F4571 /* wrapper.h */,
				32CA1B0B2856B559006F4571 /* CMakeLists.txt */,
				32CA1B0C2856B559006F4571 /* backend.h */,
				32CA1B0D2856B559006F4571 /* tests */,
				32CA1B0F2856B559006F4571 /* build */,
				32CA1B412856B559006F4571 /* main.cpp */,
				32CA1B422856B559006F4571 /* .idea */,
			);
			path = luscbackend;
			sourceTree = "<group>";
		};
		32CA1AD22856B559006F4571 /* cmake-build-debug */ = {
			isa = PBXGroup;
			children = (
				32CA1AD32856B559006F4571 /* CMakeFiles */,
				32CA1AF02856B559006F4571 /* .ninja_deps */,
				32CA1AF12856B559006F4571 /* cmake_install.cmake */,
				32CA1AF22856B559006F4571 /* build.ninja */,
				32CA1AF32856B559006F4571 /* Testing */,
				32CA1AF62856B559006F4571 /* libluscbackend.a */,
				32CA1AF72856B559006F4571 /* CMakeCache.txt */,
				32CA1AF82856B559006F4571 /* .ninja_log */,
				32CA1AF92856B559006F4571 /* .cmake */,
			);
			path = "cmake-build-debug";
			sourceTree = "<group>";
		};
		32CA1AD32856B559006F4571 /* CMakeFiles */ = {
			isa = PBXGroup;
			children = (
				32CA1AD42856B559006F4571 /* cmake.check_cache */,
				32CA1AD52856B559006F4571 /* luscbackend.dir */,
				32CA1ADB2856B559006F4571 /* CMakeOutput.log */,
				32CA1ADC2856B559006F4571 /* rules.ninja */,
				32CA1ADD2856B559006F4571 /* CMakeError.log */,
				32CA1ADE2856B559006F4571 /* CMakeTmp */,
				32CA1ADF2856B559006F4571 /* TargetDirectories.txt */,
				32CA1AE02856B559006F4571 /* clion-log.txt */,
				32CA1AE12856B559006F4571 /* clion-environment.txt */,
				32CA1AE22856B559006F4571 /* 3.22.3 */,
			);
			path = CMakeFiles;
			sourceTree = "<group>";
		};
		32CA1AD52856B559006F4571 /* luscbackend.dir */ = {
			isa = PBXGroup;
			children = (
				32CA1AD62856B559006F4571 /* backend.c.o */,
				32CA1AD72856B559006F4571 /* tests */,
				32CA1AD92856B559006F4571 /* backend.cpp.o */,
				32CA1ADA2856B559006F4571 /* wrapper.cpp.o */,
			);
			path = luscbackend.dir;
			sourceTree = "<group>";
		};
		32CA1AD72856B559006F4571 /* tests */ = {
			isa = PBXGroup;
			children = (
				32CA1AD82856B559006F4571 /* testmain.cpp.o */,
			);
			path = tests;
			sourceTree = "<group>";
		};
		32CA1ADE2856B559006F4571 /* CMakeTmp */ = {
			isa = PBXGroup;
			children = (
			);
			path = CMakeTmp;
			sourceTree = "<group>";
		};
		32CA1AE22856B559006F4571 /* 3.22.3 */ = {
			isa = PBXGroup;
			children = (
				32CA1AE32856B559006F4571 /* CMakeDetermineCompilerABI_CXX.bin */,
				32CA1AE42856B559006F4571 /* CMakeDetermineCompilerABI_C.bin */,
				32CA1AE52856B559006F4571 /* CompilerIdC */,
				32CA1AE92856B559006F4571 /* CompilerIdCXX */,
				32CA1AED2856B559006F4571 /* CMakeCXXCompiler.cmake */,
				32CA1AEE2856B559006F4571 /* CMakeCCompiler.cmake */,
				32CA1AEF2856B559006F4571 /* CMakeSystem.cmake */,
			);
			path = 3.22.3;
			sourceTree = "<group>";
		};
		32CA1AE52856B559006F4571 /* CompilerIdC */ = {
			isa = PBXGroup;
			children = (
				32CA1AE62856B559006F4571 /* CMakeCCompilerId.c */,
				32CA1AE72856B559006F4571 /* CMakeCCompilerId.o */,
				32CA1AE82856B559006F4571 /* tmp */,
			);
			path = CompilerIdC;
			sourceTree = "<group>";
		};
		32CA1AE82856B559006F4571 /* tmp */ = {
			isa = PBXGroup;
			children = (
			);
			path = tmp;
			sourceTree = "<group>";
		};
		32CA1AE92856B559006F4571 /* CompilerIdCXX */ = {
			isa = PBXGroup;
			children = (
				32CA1AEA2856B559006F4571 /* CMakeCXXCompilerId.o */,
				32CA1AEB2856B559006F4571 /* CMakeCXXCompilerId.cpp */,
				32CA1AEC2856B559006F4571 /* tmp */,
			);
			path = CompilerIdCXX;
			sourceTree = "<group>";
		};
		32CA1AEC2856B559006F4571 /* tmp */ = {
			isa = PBXGroup;
			children = (
			);
			path = tmp;
			sourceTree = "<group>";
		};
		32CA1AF32856B559006F4571 /* Testing */ = {
			isa = PBXGroup;
			children = (
				32CA1AF42856B559006F4571 /* Temporary */,
			);
			path = Testing;
			sourceTree = "<group>";
		};
		32CA1AF42856B559006F4571 /* Temporary */ = {
			isa = PBXGroup;
			children = (
				32CA1AF52856B559006F4571 /* LastTest.log */,
			);
			path = Temporary;
			sourceTree = "<group>";
		};
		32CA1AF92856B559006F4571 /* .cmake */ = {
			isa = PBXGroup;
			children = (
				32CA1AFA2856B559006F4571 /* api */,
			);
			path = .cmake;
			sourceTree = "<group>";
		};
		32CA1AFA2856B559006F4571 /* api */ = {
			isa = PBXGroup;
			children = (
				32CA1AFB2856B559006F4571 /* v1 */,
			);
			path = api;
			sourceTree = "<group>";
		};
		32CA1AFB2856B559006F4571 /* v1 */ = {
			isa = PBXGroup;
			children = (
				32CA1AFC2856B559006F4571 /* reply */,
				32CA1B042856B559006F4571 /* query */,
			);
			path = v1;
			sourceTree = "<group>";
		};
		32CA1AFC2856B559006F4571 /* reply */ = {
			isa = PBXGroup;
			children = (
				32CA1AFD2856B559006F4571 /* directory-.-Debug-f5ebdc15457944623624.json */,
				32CA1AFE2856B559006F4571 /* codemodel-v2-de9b262e50ccbf9fe877.json */,
				32CA1AFF2856B559006F4571 /* cmakeFiles-v1-3c4cee446e2c8198eefb.json */,
				32CA1B002856B559006F4571 /* index-2022-06-12T22-36-56-0986.json */,
				32CA1B012856B559006F4571 /* target-luscbackend-Debug-af3e224a274be5e055ff.json */,
				32CA1B022856B559006F4571 /* toolchains-v1-4ccbd07310ec83f54692.json */,
				32CA1B032856B559006F4571 /* cache-v2-c6e5d3ce4588094d219c.json */,
			);
			path = reply;
			sourceTree = "<group>";
		};
		32CA1B042856B559006F4571 /* query */ = {
			isa = PBXGroup;
			children = (
				32CA1B052856B559006F4571 /* toolchains-v1 */,
				32CA1B062856B559006F4571 /* codemodel-v2 */,
				32CA1B072856B559006F4571 /* cmakeFiles-v1 */,
				32CA1B082856B559006F4571 /* cache-v2 */,
			);
			path = query;
			sourceTree = "<group>";
		};
		32CA1B0D2856B559006F4571 /* tests */ = {
			isa = PBXGroup;
			children = (
				32CA1B0E2856B559006F4571 /* testmain.cpp */,
			);
			path = tests;
			sourceTree = "<group>";
		};
		32CA1B0F2856B559006F4571 /* build */ = {
			isa = PBXGroup;
			children = (
				32CA1B102856B559006F4571 /* CMakeFiles */,
				32CA1B3D2856B559006F4571 /* Makefile */,
				32CA1B3E2856B559006F4571 /* cmake_install.cmake */,
				32CA1B3F2856B559006F4571 /* libluscbackend.a */,
				32CA1B402856B559006F4571 /* CMakeCache.txt */,
			);
			path = build;
			sourceTree = "<group>";
		};
		32CA1B102856B559006F4571 /* CMakeFiles */ = {
			isa = PBXGroup;
			children = (
				32CA1B112856B559006F4571 /* 3.23.2 */,
				32CA1B1F2856B559006F4571 /* cmake.check_cache */,
				32CA1B202856B559006F4571 /* luscbackend.dir */,
				32CA1B352856B559006F4571 /* CMakeOutput.log */,
				32CA1B362856B559006F4571 /* CMakeError.log */,
				32CA1B372856B559006F4571 /* Makefile.cmake */,
				32CA1B382856B559006F4571 /* CMakeTmp */,
				32CA1B392856B559006F4571 /* progress.marks */,
				32CA1B3A2856B559006F4571 /* TargetDirectories.txt */,
				32CA1B3B2856B559006F4571 /* CMakeDirectoryInformation.cmake */,
				32CA1B3C2856B559006F4571 /* Makefile2 */,
			);
			path = CMakeFiles;
			sourceTree = "<group>";
		};
		32CA1B112856B559006F4571 /* 3.23.2 */ = {
			isa = PBXGroup;
			children = (
				32CA1B122856B559006F4571 /* CMakeDetermineCompilerABI_CXX.bin */,
				32CA1B132856B559006F4571 /* CMakeDetermineCompilerABI_C.bin */,
				32CA1B142856B559006F4571 /* CompilerIdC */,
				32CA1B182856B559006F4571 /* CompilerIdCXX */,
				32CA1B1C2856B559006F4571 /* CMakeCXXCompiler.cmake */,
				32CA1B1D2856B559006F4571 /* CMakeCCompiler.cmake */,
				32CA1B1E2856B559006F4571 /* CMakeSystem.cmake */,
			);
			path = 3.23.2;
			sourceTree = "<group>";
		};
		32CA1B142856B559006F4571 /* CompilerIdC */ = {
			isa = PBXGroup;
			children = (
				32CA1B152856B559006F4571 /* CMakeCCompilerId.c */,
				32CA1B162856B559006F4571 /* CMakeCCompilerId.o */,
				32CA1B172856B559006F4571 /* tmp */,
			);
			path = CompilerIdC;
			sourceTree = "<group>";
		};
		32CA1B172856B559006F4571 /* tmp */ = {
			isa = PBXGroup;
			children = (
			);
			path = tmp;
			sourceTree = "<group>";
		};
		32CA1B182856B559006F4571 /* CompilerIdCXX */ = {
			isa = PBXGroup;
			children = (
				32CA1B192856B559006F4571 /* CMakeCXXCompilerId.o */,
				32CA1B1A2856B559006F4571 /* CMakeCXXCompilerId.cpp */,
				32CA1B1B2856B559006F4571 /* tmp */,
			);
			path = CompilerIdCXX;
			sourceTree = "<group>";
		};
		32CA1B1B2856B559006F4571 /* tmp */ = {
			isa = PBXGroup;
			children = (
			);
			path = tmp;
			sourceTree = "<group>";
		};
		32CA1B202856B559006F4571 /* luscbackend.dir */ = {
			isa = PBXGroup;
			children = (
				32CA1B212856B559006F4571 /* DependInfo.cmake */,
				32CA1B222856B559006F4571 /* compiler_depend.ts */,
				32CA1B232856B559006F4571 /* backend.c.o */,
				32CA1B242856B559006F4571 /* wrapper.cpp.o.d */,
				32CA1B252856B559006F4571 /* cmake_clean_target.cmake */,
				32CA1B262856B559006F4571 /* compiler_depend.internal */,
				32CA1B272856B559006F4571 /* compiler_depend.make */,
				32CA1B282856B559006F4571 /* depend.make */,
				32CA1B292856B559006F4571 /* tests */,
				32CA1B2C2856B559006F4571 /* cmake_clean.cmake */,
				32CA1B2D2856B559006F4571 /* link.txt */,
				32CA1B2E2856B559006F4571 /* progress.make */,
				32CA1B2F2856B559006F4571 /* backend.cpp.o */,
				32CA1B302856B559006F4571 /* backend.cpp.o.d */,
				32CA1B312856B559006F4571 /* build.make */,
				32CA1B322856B559006F4571 /* backend.c.o.d */,
				32CA1B332856B559006F4571 /* flags.make */,
				32CA1B342856B559006F4571 /* wrapper.cpp.o */,
			);
			path = luscbackend.dir;
			sourceTree = "<group>";
		};
		32CA1B292856B559006F4571 /* tests */ = {
			isa = PBXGroup;
			children = (
				32CA1B2A2856B559006F4571 /* testmain.cpp.o */,
				32CA1B2B2856B559006F4571 /* testmain.cpp.o.d */,
			);
			path = tests;
			sourceTree = "<group>";
		};
		32CA1B382856B559006F4571 /* CMakeTmp */ = {
			isa = PBXGroup;
			children = (
			);
			path = CMakeTmp;
			sourceTree = "<group>";
		};
		32CA1B422856B559006F4571 /* .idea */ = {
			isa = PBXGroup;
			children = (
				32CA1B432856B559006F4571 /* vcs.xml */,
				32CA1B442856B559006F4571 /* .gitignore */,
				32CA1B452856B559006F4571 /* workspace.xml */,
				32CA1B462856B559006F4571 /* modules.xml */,
				32CA1B472856B559006F4571 /* luscbackend.iml */,
				32CA1B482856B559006F4571 /* misc.xml */,
			);
			path = .idea;
			sourceTree = "<group>";
		};
/* End PBXGroup section */

/* Begin PBXNativeTarget section */
		3247D6B528505416008F0BB8 /* lusc */ = {
			isa = PBXNativeTarget;
			buildConfigurationList = 3247D6BD28505416008F0BB8 /* Build configuration list for PBXNativeTarget "lusc" */;
			buildPhases = (
				3247D6B228505416008F0BB8 /* Sources */,
				3247D6B328505416008F0BB8 /* Frameworks */,
				3247D6B428505416008F0BB8 /* CopyFiles */,
			);
			buildRules = (
			);
			dependencies = (
			);
			name = lusc;
			productName = lusc;
			productReference = 3247D6B628505416008F0BB8 /* lusc */;
			productType = "com.apple.product-type.tool";
		};
		32CA1AC02856983D006F4571 /* lusctest */ = {
			isa = PBXNativeTarget;
			buildConfigurationList = 32CA1ACB2856983D006F4571 /* Build configuration list for PBXNativeTarget "lusctest" */;
			buildPhases = (
				32CA1AC12856983D006F4571 /* Sources */,
				32CA1AC42856983D006F4571 /* Frameworks */,
				32CA1ACA2856983D006F4571 /* CopyFiles */,
			);
			buildRules = (
			);
			dependencies = (
			);
			name = lusctest;
			productName = lusc;
			productReference = 32CA1ACE2856983D006F4571 /* lusctest */;
			productType = "com.apple.product-type.tool";
		};
/* End PBXNativeTarget section */

/* Begin PBXProject section */
		3247D6AE28505416008F0BB8 /* Project object */ = {
			isa = PBXProject;
			attributes = {
				BuildIndependentTargetsInParallel = 1;
				LastSwiftUpdateCheck = 1340;
				LastUpgradeCheck = 1340;
				TargetAttributes = {
					3247D6B528505416008F0BB8 = {
						CreatedOnToolsVersion = 13.4.1;
						LastSwiftMigration = 1340;
					};
				};
			};
			buildConfigurationList = 3247D6B128505416008F0BB8 /* Build configuration list for PBXProject "lusc" */;
			compatibilityVersion = "Xcode 13.0";
			developmentRegion = en;
			hasScannedForEncodings = 0;
			knownRegions = (
				en,
				Base,
			);
			mainGroup = 3247D6AD28505416008F0BB8;
			productRefGroup = 3247D6B728505416008F0BB8 /* Products */;
			projectDirPath = "";
			projectRoot = "";
			targets = (
				3247D6B528505416008F0BB8 /* lusc */,
				32CA1AC02856983D006F4571 /* lusctest */,
			);
		};
/* End PBXProject section */

/* Begin PBXSourcesBuildPhase section */
		3247D6B228505416008F0BB8 /* Sources */ = {
			isa = PBXSourcesBuildPhase;
			buildActionMask = 2147483647;
			files = (
				327FF5B5285BDE42002C64E2 /* python3.10 in Sources */,
				32CA1ABF285606DE006F4571 /* backend.h in Sources */,
				3247D6BA28505416008F0BB8 /* main.swift in Sources */,
			);
			runOnlyForDeploymentPostprocessing = 0;
		};
		32CA1AC12856983D006F4571 /* Sources */ = {
			isa = PBXSourcesBuildPhase;
			buildActionMask = 2147483647;
			files = (
				32CA1AC22856983D006F4571 /* backend.h in Sources */,
				32CA1AC32856983D006F4571 /* main.swift in Sources */,
			);
			runOnlyForDeploymentPostprocessing = 0;
		};
/* End PBXSourcesBuildPhase section */

/* Begin XCBuildConfiguration section */
		3247D6BB28505416008F0BB8 /* Debug */ = {
			isa = XCBuildConfiguration;
			buildSettings = {
				ALWAYS_SEARCH_USER_PATHS = NO;
				CLANG_ANALYZER_NONNULL = YES;
				CLANG_ANALYZER_NUMBER_OBJECT_CONVERSION = YES_AGGRESSIVE;
				CLANG_CXX_LANGUAGE_STANDARD = "gnu++17";
				CLANG_ENABLE_MODULES = YES;
				CLANG_ENABLE_OBJC_ARC = YES;
				CLANG_ENABLE_OBJC_WEAK = YES;
				CLANG_WARN_BLOCK_CAPTURE_AUTORELEASING = YES;
				CLANG_WARN_BOOL_CONVERSION = YES;
				CLANG_WARN_COMMA = YES;
				CLANG_WARN_CONSTANT_CONVERSION = YES;
				CLANG_WARN_DEPRECATED_OBJC_IMPLEMENTATIONS = YES;
				CLANG_WARN_DIRECT_OBJC_ISA_USAGE = YES_ERROR;
				CLANG_WARN_DOCUMENTATION_COMMENTS = YES;
				CLANG_WARN_EMPTY_BODY = YES;
				CLANG_WARN_ENUM_CONVERSION = YES;
				CLANG_WARN_INFINITE_RECURSION = YES;
				CLANG_WARN_INT_CONVERSION = YES;
				CLANG_WARN_NON_LITERAL_NULL_CONVERSION = YES;
				CLANG_WARN_OBJC_IMPLICIT_RETAIN_SELF = YES;
				CLANG_WARN_OBJC_LITERAL_CONVERSION = YES;
				CLANG_WARN_OBJC_ROOT_CLASS = YES_ERROR;
				CLANG_WARN_QUOTED_INCLUDE_IN_FRAMEWORK_HEADER = YES;
				CLANG_WARN_RANGE_LOOP_ANALYSIS = YES;
				CLANG_WARN_STRICT_PROTOTYPES = YES;
				CLANG_WARN_SUSPICIOUS_MOVE = YES;
				CLANG_WARN_UNGUARDED_AVAILABILITY = YES_AGGRESSIVE;
				CLANG_WARN_UNREACHABLE_CODE = YES;
				CLANG_WARN__DUPLICATE_METHOD_MATCH = YES;
				COPY_PHASE_STRIP = NO;
				DEBUG_INFORMATION_FORMAT = dwarf;
				DEFINES_MODULE = NO;
				ENABLE_STRICT_OBJC_MSGSEND = YES;
				ENABLE_TESTABILITY = YES;
				GCC_C_LANGUAGE_STANDARD = gnu11;
				GCC_DYNAMIC_NO_PIC = NO;
				GCC_NO_COMMON_BLOCKS = YES;
				GCC_OPTIMIZATION_LEVEL = 0;
				GCC_PREPROCESSOR_DEFINITIONS = (
					"DEBUG=1",
					"$(inherited)",
				);
				GCC_WARN_64_TO_32_BIT_CONVERSION = YES;
				GCC_WARN_ABOUT_RETURN_TYPE = YES_ERROR;
				GCC_WARN_UNDECLARED_SELECTOR = YES;
				GCC_WARN_UNINITIALIZED_AUTOS = YES_AGGRESSIVE;
				GCC_WARN_UNUSED_FUNCTION = YES;
				GCC_WARN_UNUSED_VARIABLE = YES;
				MACOSX_DEPLOYMENT_TARGET = 12.3;
				MTL_ENABLE_DEBUG_INFO = INCLUDE_SOURCE;
				MTL_FAST_MATH = YES;
				ONLY_ACTIVE_ARCH = YES;
				SDKROOT = macosx;
				SWIFT_ACTIVE_COMPILATION_CONDITIONS = DEBUG;
				SWIFT_OPTIMIZATION_LEVEL = "-Onone";
				VALIDATE_WORKSPACE = NO;
			};
			name = Debug;
		};
		3247D6BC28505416008F0BB8 /* Release */ = {
			isa = XCBuildConfiguration;
			buildSettings = {
				ALWAYS_SEARCH_USER_PATHS = NO;
				CLANG_ANALYZER_NONNULL = YES;
				CLANG_ANALYZER_NUMBER_OBJECT_CONVERSION = YES_AGGRESSIVE;
				CLANG_CXX_LANGUAGE_STANDARD = "gnu++17";
				CLANG_ENABLE_MODULES = YES;
				CLANG_ENABLE_OBJC_ARC = YES;
				CLANG_ENABLE_OBJC_WEAK = YES;
				CLANG_WARN_BLOCK_CAPTURE_AUTORELEASING = YES;
				CLANG_WARN_BOOL_CONVERSION = YES;
				CLANG_WARN_COMMA = YES;
				CLANG_WARN_CONSTANT_CONVERSION = YES;
				CLANG_WARN_DEPRECATED_OBJC_IMPLEMENTATIONS = YES;
				CLANG_WARN_DIRECT_OBJC_ISA_USAGE = YES_ERROR;
				CLANG_WARN_DOCUMENTATION_COMMENTS = YES;
				CLANG_WARN_EMPTY_BODY = YES;
				CLANG_WARN_ENUM_CONVERSION = YES;
				CLANG_WARN_INFINITE_RECURSION = YES;
				CLANG_WARN_INT_CONVERSION = YES;
				CLANG_WARN_NON_LITERAL_NULL_CONVERSION = YES;
				CLANG_WARN_OBJC_IMPLICIT_RETAIN_SELF = YES;
				CLANG_WARN_OBJC_LITERAL_CONVERSION = YES;
				CLANG_WARN_OBJC_ROOT_CLASS = YES_ERROR;
				CLANG_WARN_QUOTED_INCLUDE_IN_FRAMEWORK_HEADER = YES;
				CLANG_WARN_RANGE_LOOP_ANALYSIS = YES;
				CLANG_WARN_STRICT_PROTOTYPES = YES;
				CLANG_WARN_SUSPICIOUS_MOVE = YES;
				CLANG_WARN_UNGUARDED_AVAILABILITY = YES_AGGRESSIVE;
				CLANG_WARN_UNREACHABLE_CODE = YES;
				CLANG_WARN__DUPLICATE_METHOD_MATCH = YES;
				COPY_PHASE_STRIP = NO;
				DEBUG_INFORMATION_FORMAT = "dwarf-with-dsym";
				DEFINES_MODULE = NO;
				ENABLE_NS_ASSERTIONS = NO;
				ENABLE_STRICT_OBJC_MSGSEND = YES;
				GCC_C_LANGUAGE_STANDARD = gnu11;
				GCC_NO_COMMON_BLOCKS = YES;
				GCC_WARN_64_TO_32_BIT_CONVERSION = YES;
				GCC_WARN_ABOUT_RETURN_TYPE = YES_ERROR;
				GCC_WARN_UNDECLARED_SELECTOR = YES;
				GCC_WARN_UNINITIALIZED_AUTOS = YES_AGGRESSIVE;
				GCC_WARN_UNUSED_FUNCTION = YES;
				GCC_WARN_UNUSED_VARIABLE = YES;
				MACOSX_DEPLOYMENT_TARGET = 12.3;
				MTL_ENABLE_DEBUG_INFO = NO;
				MTL_FAST_MATH = YES;
				SDKROOT = macosx;
				SWIFT_COMPILATION_MODE = wholemodule;
				SWIFT_OPTIMIZATION_LEVEL = "-O";
				VALIDATE_WORKSPACE = NO;
			};
			name = Release;
		};
		3247D6BE28505416008F0BB8 /* Debug */ = {
			isa = XCBuildConfiguration;
			buildSettings = {
				CLANG_ENABLE_MODULES = YES;
				CODE_SIGN_STYLE = Automatic;
				DEVELOPMENT_TEAM = V2K8WV55CA;
				EXCLUDED_ARCHS = "";
				GCC_PREPROCESSOR_DEFINITIONS = (
					"DEBUG=1",
					"$(inherited)",
				);
				INFOPLIST_FILE = /Users/mqp/Desktop/lusc/lusc/Info.plist;
				LD_RUNPATH_SEARCH_PATHS = (
					"$(inherited)",
					"@executable_path/../Frameworks",
					"@loader_path/../Frameworks",
				);
				LIBRARY_SEARCH_PATHS = (
					"$(inherited)",
					/opt/homebrew/Cellar/fmt/8.1.1_1/lib,
					"$(PROJECT_DIR)",
					"/opt/homebrew/Cellar/python@3.10/3.10.2/Frameworks/Python.framework/Versions/3.10",
				);
				PRODUCT_NAME = "$(TARGET_NAME)";
				SDKROOT = macosx;
				STRIP_SWIFT_SYMBOLS = YES;
				SWIFT_OBJC_BRIDGING_HEADER = "lusc/lusc-Bridging-Header.h";
				SWIFT_OPTIMIZATION_LEVEL = "-Onone";
				SWIFT_VERSION = 5.0;
				VALIDATE_WORKSPACE = YES;
			};
			name = Debug;
		};
		3247D6BF28505416008F0BB8 /* Release */ = {
			isa = XCBuildConfiguration;
			buildSettings = {
				CLANG_ENABLE_MODULES = YES;
				CODE_SIGN_STYLE = Automatic;
				DEVELOPMENT_TEAM = V2K8WV55CA;
				EXCLUDED_ARCHS = "";
				GCC_OPTIMIZATION_LEVEL = 0;
				INFOPLIST_FILE = /Users/mqp/Desktop/lusc/lusc/Info.plist;
				LD_RUNPATH_SEARCH_PATHS = (
					"$(inherited)",
					"@executable_path/../Frameworks",
					"@loader_path/../Frameworks",
				);
				LIBRARY_SEARCH_PATHS = (
					"$(inherited)",
					/opt/homebrew/Cellar/fmt/8.1.1_1/lib,
					"$(PROJECT_DIR)",
					"/opt/homebrew/Cellar/python@3.10/3.10.2/Frameworks/Python.framework/Versions/3.10",
				);
				PRODUCT_NAME = "$(TARGET_NAME)";
				SDKROOT = macosx;
				STRIP_SWIFT_SYMBOLS = YES;
				SWIFT_OBJC_BRIDGING_HEADER = "lusc/lusc-Bridging-Header.h";
				SWIFT_OPTIMIZATION_LEVEL = "-Onone";
				SWIFT_VERSION = 5.0;
				VALIDATE_WORKSPACE = YES;
			};
			name = Release;
		};
		32CA1ACC2856983D006F4571 /* Debug */ = {
			isa = XCBuildConfiguration;
			buildSettings = {
				CLANG_ENABLE_MODULES = YES;
				CODE_SIGN_STYLE = Automatic;
				DEVELOPMENT_TEAM = V2K8WV55CA;
				GCC_PREPROCESSOR_DEFINITIONS = (
					"DEBUG=1",
					"$(inherited)",
				);
				INFOPLIST_FILE = "lusc copy-Info.plist";
				LD_RUNPATH_SEARCH_PATHS = (
					"$(inherited)",
					"@executable_path/../Frameworks",
					"@loader_path/../Frameworks",
				);
				LIBRARY_SEARCH_PATHS = (
					"$(inherited)",
					/opt/homebrew/Cellar/fmt/8.1.1_1/lib,
					"$(PROJECT_DIR)",
				);
				PRODUCT_NAME = "$(TARGET_NAME)";
				SWIFT_OBJC_BRIDGING_HEADER = "lusc/lusc-Bridging-Header.h";
				SWIFT_OPTIMIZATION_LEVEL = "-Onone";
				SWIFT_VERSION = 5.0;
			};
			name = Debug;
		};
		32CA1ACD2856983D006F4571 /* Release */ = {
			isa = XCBuildConfiguration;
			buildSettings = {
				CLANG_ENABLE_MODULES = YES;
				CODE_SIGN_STYLE = Automatic;
				DEVELOPMENT_TEAM = V2K8WV55CA;
				INFOPLIST_FILE = "lusc copy-Info.plist";
				LD_RUNPATH_SEARCH_PATHS = (
					"$(inherited)",
					"@executable_path/../Frameworks",
					"@loader_path/../Frameworks",
				);
				LIBRARY_SEARCH_PATHS = (
					"$(inherited)",
					/opt/homebrew/Cellar/fmt/8.1.1_1/lib,
					"$(PROJECT_DIR)",
				);
				PRODUCT_NAME = "$(TARGET_NAME)";
				SWIFT_OBJC_BRIDGING_HEADER = "lusc/lusc-Bridging-Header.h";
				SWIFT_VERSION = 5.0;
			};
			name = Release;
		};
/* End XCBuildConfiguration section */

/* Begin XCConfigurationList section */
		3247D6B128505416008F0BB8 /* Build configuration list for PBXProject "lusc" */ = {
			isa = XCConfigurationList;
			buildConfigurations = (
				3247D6BB28505416008F0BB8 /* Debug */,
				3247D6BC28505416008F0BB8 /* Release */,
			);
			defaultConfigurationIsVisible = 0;
			defaultConfigurationName = Release;
		};
		3247D6BD28505416008F0BB8 /* Build configuration list for PBXNativeTarget "lusc" */ = {
			isa = XCConfigurationList;
			buildConfigurations = (
				3247D6BE28505416008F0BB8 /* Debug */,
				3247D6BF28505416008F0BB8 /* Release */,
			);
			defaultConfigurationIsVisible = 0;
			defaultConfigurationName = Release;
		};
		32CA1ACB2856983D006F4571 /* Build configuration list for PBXNativeTarget "lusctest" */ = {
			isa = XCConfigurationList;
			buildConfigurations = (
				32CA1ACC2856983D006F4571 /* Debug */,
				32CA1ACD2856983D006F4571 /* Release */,
			);
			defaultConfigurationIsVisible = 0;
			defaultConfigurationName = Release;
		};
/* End XCConfigurationList section */
	};
	rootObject = 3247D6AE28505416008F0BB8 /* Project object */;
}
